
Microsoft Visual Studio Solution File, Format Version 12.00
# Visual Studio Version 16
VisualStudioVersion = 16.0.29613.14
MinimumVisualStudioVersion = 10.0.40219.1
Project("{FAE04EC0-301F-11D3-BF4B-00C04F79EFBC}") = "SalesWebMvc", "SalesWebMvc\SalesWebMvc.csproj", "{5633D73B-B755-4430-8E61-B623247F92F9}"
EndProject
Global
	GlobalSection(SolutionConfigurationPlatforms) = preSolution
		Debug|Any CPU = Debug|Any CPU
		Release|Any CPU = Release|Any CPU
	EndGlobalSection
	GlobalSection(ProjectConfigurationPlatforms) = postSolution
		{5633D73B-B755-4430-8E61-B623247F92F9}.Debug|Any CPU.ActiveCfg = Debug|Any CPU
		{5633D73B-B755-4430-8E61-B623247F92F9}.Debug|Any CPU.Build.0 = Debug|Any CPU
		{5633D73B-B755-4430-8E61-B623247F92F9}.Release|Any CPU.ActiveCfg = Release|Any CPU
		{5633D73B-B755-4430-8E61-B623247F92F9}.Release|Any CPU.Build.0 = Release|Any CPU
	EndGlobalSection
	GlobalSection(SolutionProperties) = preSolution
		HideSolutionNode = FALSE
	EndGlobalSection
	GlobalSection(ExtensibilityGlobals) = postSolution
		SolutionGuid = {4C3677A4-7C91-48A9-9008-597F4B222BA8}
	EndGlobalSection
EndGlobal
